
Microsoft Visual Studio Solution File, Format Version 12.00
# Visual Studio 15
VisualStudioVersion = 15.0.27703.2042
MinimumVisualStudioVersion = 10.0.40219.1
Project("{9A19103F-16F7-4668-BE54-9A1E7A4F7556}") = "CRV.CoreComponent", "CRV.CoreComponent\CRV.CoreComponent.csproj", "{192D7361-CDAB-452C-AC01-E9BD95981087}"
EndProject
Project("{9A19103F-16F7-4668-BE54-9A1E7A4F7556}") = "CRV.CoreComponent.UnitTesting", "CRV.CoreComponent.UnitTesting\CRV.CoreComponent.UnitTesting.csproj", "{B10D78E0-8858-4126-9DDB-108D8B7E871A}"
EndProject
Project("{FAE04EC0-301F-11D3-BF4B-00C04F79EFBC}") = "FHF.CoreComponent.ConsoleApp", "FHF.CoreComponent.ConsoleApp\FHF.CoreComponent.ConsoleApp.csproj", "{0AB74B44-8460-4964-824B-91570B8688AB}"
EndProject
Global
	GlobalSection(SolutionConfigurationPlatforms) = preSolution
		Debug|Any CPU = Debug|Any CPU
		Release|Any CPU = Release|Any CPU
	EndGlobalSection
	GlobalSection(ProjectConfigurationPlatforms) = postSolution
		{192D7361-CDAB-452C-AC01-E9BD95981087}.Debug|Any CPU.ActiveCfg = Debug|Any CPU
		{192D7361-CDAB-452C-AC01-E9BD95981087}.Debug|Any CPU.Build.0 = Debug|Any CPU
		{192D7361-CDAB-452C-AC01-E9BD95981087}.Release|Any CPU.ActiveCfg = Release|Any CPU
		{192D7361-CDAB-452C-AC01-E9BD95981087}.Release|Any CPU.Build.0 = Release|Any CPU
		{B10D78E0-8858-4126-9DDB-108D8B7E871A}.Debug|Any CPU.ActiveCfg = Debug|Any CPU
		{B10D78E0-8858-4126-9DDB-108D8B7E871A}.Debug|Any CPU.Build.0 = Debug|Any CPU
		{B10D78E0-8858-4126-9DDB-108D8B7E871A}.Release|Any CPU.ActiveCfg = Release|Any CPU
		{B10D78E0-8858-4126-9DDB-108D8B7E871A}.Release|Any CPU.Build.0 = Release|Any CPU
		{0AB74B44-8460-4964-824B-91570B8688AB}.Debug|Any CPU.ActiveCfg = Debug|Any CPU
		{0AB74B44-8460-4964-824B-91570B8688AB}.Debug|Any CPU.Build.0 = Debug|Any CPU
		{0AB74B44-8460-4964-824B-91570B8688AB}.Release|Any CPU.ActiveCfg = Release|Any CPU
		{0AB74B44-8460-4964-824B-91570B8688AB}.Release|Any CPU.Build.0 = Release|Any CPU
	EndGlobalSection
	GlobalSection(SolutionProperties) = preSolution
		HideSolutionNode = FALSE
	EndGlobalSection
	GlobalSection(ExtensibilityGlobals) = postSolution
		SolutionGuid = {226D4E64-060C-4602-9487-CACA5B14F195}
	EndGlobalSection
EndGlobal
